
Microsoft Visual Studio Solution File, Format Version 12.00
# Visual Studio 15
VisualStudioVersion = 15.0.27004.2010
MinimumVisualStudioVersion = 10.0.40219.1
Project("{9A19103F-16F7-4668-BE54-9A1E7A4F7556}") = "Heracles.net", "Heracles.net\Heracles.net.csproj", "{503E547A-97B7-489D-987A-F1EBD7F0318C}"
EndProject
Project("{9A19103F-16F7-4668-BE54-9A1E7A4F7556}") = "Heracles.net.Tests", "Heracles.net.Tests\Heracles.net.Tests.csproj", "{5395B668-60A1-48B1-BFDA-74F7083D155E}"
EndProject
Project("{2150E333-8FDC-42A3-9474-1A3956D46DE8}") = ".build", ".build", "{EC65E00F-626A-43DA-B4EA-2B02ABCACB25}"
	ProjectSection(SolutionItems) = preProject
		.build\CommonAssemblyInfo.cs = .build\CommonAssemblyInfo.cs
		Heracles.net.ruleset = Heracles.net.ruleset
		Heracles.net.Tests.ruleset = Heracles.net.Tests.ruleset
		.build\make.bat = .build\make.bat
		.build\pack.bat = .build\pack.bat
		.build\version.bat = .build\version.bat
		.build\VersionAssemblyInfo.cs = .build\VersionAssemblyInfo.cs
	EndProjectSection
EndProject
Project("{2150E333-8FDC-42A3-9474-1A3956D46DE8}") = ".nuget", ".nuget", "{CF52800A-D887-4E52-A531-0505A3618D7F}"
	ProjectSection(SolutionItems) = preProject
		.nuget\Heracles.net.nuspec = .nuget\Heracles.net.nuspec
	EndProjectSection
EndProject
Global
	GlobalSection(SolutionConfigurationPlatforms) = preSolution
		Debug|Any CPU = Debug|Any CPU
		Release|Any CPU = Release|Any CPU
	EndGlobalSection
	GlobalSection(ProjectConfigurationPlatforms) = postSolution
		{503E547A-97B7-489D-987A-F1EBD7F0318C}.Debug|Any CPU.ActiveCfg = Debug|Any CPU
		{503E547A-97B7-489D-987A-F1EBD7F0318C}.Debug|Any CPU.Build.0 = Debug|Any CPU
		{503E547A-97B7-489D-987A-F1EBD7F0318C}.Release|Any CPU.ActiveCfg = Release|Any CPU
		{503E547A-97B7-489D-987A-F1EBD7F0318C}.Release|Any CPU.Build.0 = Release|Any CPU
		{5395B668-60A1-48B1-BFDA-74F7083D155E}.Debug|Any CPU.ActiveCfg = Debug|Any CPU
		{5395B668-60A1-48B1-BFDA-74F7083D155E}.Debug|Any CPU.Build.0 = Debug|Any CPU
		{5395B668-60A1-48B1-BFDA-74F7083D155E}.Release|Any CPU.ActiveCfg = Release|Any CPU
		{5395B668-60A1-48B1-BFDA-74F7083D155E}.Release|Any CPU.Build.0 = Release|Any CPU
	EndGlobalSection
	GlobalSection(SolutionProperties) = preSolution
		HideSolutionNode = FALSE
	EndGlobalSection
	GlobalSection(ExtensibilityGlobals) = postSolution
		SolutionGuid = {182C4047-32F8-4DDE-94A5-9BD7450CCF66}
	EndGlobalSection
EndGlobal
